
Microsoft Visual Studio Solution File, Format Version 12.00
# Visual Studio Version 17
VisualStudioVersion = 17.1.32421.90
MinimumVisualStudioVersion = 10.0.40219.1
Project("{9A19103F-16F7-4668-BE54-9A1E7A4F7556}") = "API", "API\API.csproj", "{53DC1A7C-EAA1-43C2-BB7F-C45510719445}"
EndProject
Project("{9A19103F-16F7-4668-BE54-9A1E7A4F7556}") = "Domain", "Domain\Domain.csproj", "{CFA01F7D-0AFB-4F7E-95E9-F626A58DA3FB}"
EndProject
Project("{9A19103F-16F7-4668-BE54-9A1E7A4F7556}") = "Persistence", "Persistence\Persistence.csproj", "{D1F6EE88-F092-4FC4-8422-FCB682B9F61D}"
EndProject
Project("{9A19103F-16F7-4668-BE54-9A1E7A4F7556}") = "Application", "Application\Application.csproj", "{CEB2B2E6-E3FD-4B33-90F6-C7907754ABE1}"
EndProject
Project("{2150E333-8FDC-42A3-9474-1A3956D46DE8}") = "src", "src", "{E81721B9-3E55-4FC3-AD6E-453C8D66A500}"
EndProject
Project("{2150E333-8FDC-42A3-9474-1A3956D46DE8}") = "tests", "tests", "{317F389D-12DF-4289-AEB1-54229042AD00}"
EndProject
Project("{FAE04EC0-301F-11D3-BF4B-00C04F79EFBC}") = "API.Tests", "API.Tests\API.Tests.csproj", "{589EFF10-BFE2-465F-8FD9-685C3B77E392}"
EndProject
Global
	GlobalSection(SolutionConfigurationPlatforms) = preSolution
		Debug|Any CPU = Debug|Any CPU
		Release|Any CPU = Release|Any CPU
	EndGlobalSection
	GlobalSection(ProjectConfigurationPlatforms) = postSolution
		{53DC1A7C-EAA1-43C2-BB7F-C45510719445}.Debug|Any CPU.ActiveCfg = Debug|Any CPU
		{53DC1A7C-EAA1-43C2-BB7F-C45510719445}.Debug|Any CPU.Build.0 = Debug|Any CPU
		{53DC1A7C-EAA1-43C2-BB7F-C45510719445}.Release|Any CPU.ActiveCfg = Release|Any CPU
		{53DC1A7C-EAA1-43C2-BB7F-C45510719445}.Release|Any CPU.Build.0 = Release|Any CPU
		{CFA01F7D-0AFB-4F7E-95E9-F626A58DA3FB}.Debug|Any CPU.ActiveCfg = Debug|Any CPU
		{CFA01F7D-0AFB-4F7E-95E9-F626A58DA3FB}.Debug|Any CPU.Build.0 = Debug|Any CPU
		{CFA01F7D-0AFB-4F7E-95E9-F626A58DA3FB}.Release|Any CPU.ActiveCfg = Release|Any CPU
		{CFA01F7D-0AFB-4F7E-95E9-F626A58DA3FB}.Release|Any CPU.Build.0 = Release|Any CPU
		{D1F6EE88-F092-4FC4-8422-FCB682B9F61D}.Debug|Any CPU.ActiveCfg = Debug|Any CPU
		{D1F6EE88-F092-4FC4-8422-FCB682B9F61D}.Debug|Any CPU.Build.0 = Debug|Any CPU
		{D1F6EE88-F092-4FC4-8422-FCB682B9F61D}.Release|Any CPU.ActiveCfg = Release|Any CPU
		{D1F6EE88-F092-4FC4-8422-FCB682B9F61D}.Release|Any CPU.Build.0 = Release|Any CPU
		{CEB2B2E6-E3FD-4B33-90F6-C7907754ABE1}.Debug|Any CPU.ActiveCfg = Debug|Any CPU
		{CEB2B2E6-E3FD-4B33-90F6-C7907754ABE1}.Debug|Any CPU.Build.0 = Debug|Any CPU
		{CEB2B2E6-E3FD-4B33-90F6-C7907754ABE1}.Release|Any CPU.ActiveCfg = Release|Any CPU
		{CEB2B2E6-E3FD-4B33-90F6-C7907754ABE1}.Release|Any CPU.Build.0 = Release|Any CPU
		{589EFF10-BFE2-465F-8FD9-685C3B77E392}.Debug|Any CPU.ActiveCfg = Debug|Any CPU
		{589EFF10-BFE2-465F-8FD9-685C3B77E392}.Debug|Any CPU.Build.0 = Debug|Any CPU
		{589EFF10-BFE2-465F-8FD9-685C3B77E392}.Release|Any CPU.ActiveCfg = Release|Any CPU
		{589EFF10-BFE2-465F-8FD9-685C3B77E392}.Release|Any CPU.Build.0 = Release|Any CPU
	EndGlobalSection
	GlobalSection(SolutionProperties) = preSolution
		HideSolutionNode = FALSE
	EndGlobalSection
	GlobalSection(NestedProjects) = preSolution
		{53DC1A7C-EAA1-43C2-BB7F-C45510719445} = {E81721B9-3E55-4FC3-AD6E-453C8D66A500}
		{CFA01F7D-0AFB-4F7E-95E9-F626A58DA3FB} = {E81721B9-3E55-4FC3-AD6E-453C8D66A500}
		{D1F6EE88-F092-4FC4-8422-FCB682B9F61D} = {E81721B9-3E55-4FC3-AD6E-453C8D66A500}
		{CEB2B2E6-E3FD-4B33-90F6-C7907754ABE1} = {E81721B9-3E55-4FC3-AD6E-453C8D66A500}
		{589EFF10-BFE2-465F-8FD9-685C3B77E392} = {317F389D-12DF-4289-AEB1-54229042AD00}
	EndGlobalSection
	GlobalSection(ExtensibilityGlobals) = postSolution
		SolutionGuid = {339DE259-681C-4A98-A1F5-8227C2C017A2}
	EndGlobalSection
EndGlobal
